
Microsoft Visual Studio Solution File, Format Version 12.00
# Visual Studio Version 16
VisualStudioVersion = 16.0.31911.196
MinimumVisualStudioVersion = 10.0.40219.1
Project("{9A19103F-16F7-4668-BE54-9A1E7A4F7556}") = "CalastoneAssignment", "CalastoneAssignment\CalastoneAssignment.csproj", "{FECD0192-0C28-4BB1-A077-B3543362C82E}"
EndProject
Project("{FAE04EC0-301F-11D3-BF4B-00C04F79EFBC}") = "CalastoneAssignment.Tests", "CalastoneAssignment.Tests\CalastoneAssignment.Tests.csproj", "{6ABE0CFD-51CC-4F80-8993-ACA157D4EED4}"
EndProject
Global
	GlobalSection(SolutionConfigurationPlatforms) = preSolution
		Debug|Any CPU = Debug|Any CPU
		Release|Any CPU = Release|Any CPU
	EndGlobalSection
	GlobalSection(ProjectConfigurationPlatforms) = postSolution
		{FECD0192-0C28-4BB1-A077-B3543362C82E}.Debug|Any CPU.ActiveCfg = Debug|Any CPU
		{FECD0192-0C28-4BB1-A077-B3543362C82E}.Debug|Any CPU.Build.0 = Debug|Any CPU
		{FECD0192-0C28-4BB1-A077-B3543362C82E}.Release|Any CPU.ActiveCfg = Release|Any CPU
		{FECD0192-0C28-4BB1-A077-B3543362C82E}.Release|Any CPU.Build.0 = Release|Any CPU
		{6ABE0CFD-51CC-4F80-8993-ACA157D4EED4}.Debug|Any CPU.ActiveCfg = Debug|Any CPU
		{6ABE0CFD-51CC-4F80-8993-ACA157D4EED4}.Debug|Any CPU.Build.0 = Debug|Any CPU
		{6ABE0CFD-51CC-4F80-8993-ACA157D4EED4}.Release|Any CPU.ActiveCfg = Release|Any CPU
		{6ABE0CFD-51CC-4F80-8993-ACA157D4EED4}.Release|Any CPU.Build.0 = Release|Any CPU
	EndGlobalSection
	GlobalSection(SolutionProperties) = preSolution
		HideSolutionNode = FALSE
	EndGlobalSection
	GlobalSection(ExtensibilityGlobals) = postSolution
		SolutionGuid = {AAC32BB3-AF7C-4255-B90A-553D5824D3D7}
	EndGlobalSection
EndGlobal
